
Microsoft Visual Studio Solution File, Format Version 12.00
# Visual Studio Version 16
VisualStudioVersion = 16.0.30517.126
MinimumVisualStudioVersion = 10.0.40219.1
Project("{FAE04EC0-301F-11D3-BF4B-00C04F79EFBC}") = "Ejercicio_2_2_1_1_1", "Ejercicio_2_2_1_1_1\Ejercicio_2_2_1_1_1.csproj", "{5D896D78-99F6-4B3C-9C39-E7B66278E226}"
EndProject
Global
	GlobalSection(SolutionConfigurationPlatforms) = preSolution
		Debug|Any CPU = Debug|Any CPU
		Release|Any CPU = Release|Any CPU
	EndGlobalSection
	GlobalSection(ProjectConfigurationPlatforms) = postSolution
		{5D896D78-99F6-4B3C-9C39-E7B66278E226}.Debug|Any CPU.ActiveCfg = Debug|Any CPU
		{5D896D78-99F6-4B3C-9C39-E7B66278E226}.Debug|Any CPU.Build.0 = Debug|Any CPU
		{5D896D78-99F6-4B3C-9C39-E7B66278E226}.Release|Any CPU.ActiveCfg = Release|Any CPU
		{5D896D78-99F6-4B3C-9C39-E7B66278E226}.Release|Any CPU.Build.0 = Release|Any CPU
	EndGlobalSection
	GlobalSection(SolutionProperties) = preSolution
		HideSolutionNode = FALSE
	EndGlobalSection
	GlobalSection(ExtensibilityGlobals) = postSolution
		SolutionGuid = {2C27977E-FD8F-4312-A628-0D5987C62699}
	EndGlobalSection
EndGlobal
