
Microsoft Visual Studio Solution File, Format Version 12.00
# Visual Studio Version 16
VisualStudioVersion = 16.0.30523.141
MinimumVisualStudioVersion = 10.0.40219.1
Project("{FAE04EC0-301F-11D3-BF4B-00C04F79EFBC}") = "Ejercicio_compareto", "Ejercicio_compareto\Ejercicio_compareto.csproj", "{17732E66-875C-4B98-A921-4DD4EA1ADC33}"
EndProject
Global
	GlobalSection(SolutionConfigurationPlatforms) = preSolution
		Debug|Any CPU = Debug|Any CPU
		Release|Any CPU = Release|Any CPU
	EndGlobalSection
	GlobalSection(ProjectConfigurationPlatforms) = postSolution
		{17732E66-875C-4B98-A921-4DD4EA1ADC33}.Debug|Any CPU.ActiveCfg = Debug|Any CPU
		{17732E66-875C-4B98-A921-4DD4EA1ADC33}.Debug|Any CPU.Build.0 = Debug|Any CPU
		{17732E66-875C-4B98-A921-4DD4EA1ADC33}.Release|Any CPU.ActiveCfg = Release|Any CPU
		{17732E66-875C-4B98-A921-4DD4EA1ADC33}.Release|Any CPU.Build.0 = Release|Any CPU
	EndGlobalSection
	GlobalSection(SolutionProperties) = preSolution
		HideSolutionNode = FALSE
	EndGlobalSection
	GlobalSection(ExtensibilityGlobals) = postSolution
		SolutionGuid = {9B1CBB41-5D58-41F0-AD59-0555D6668E02}
	EndGlobalSection
EndGlobal
