
Microsoft Visual Studio Solution File, Format Version 12.00
# Visual Studio Version 16
VisualStudioVersion = 16.0.30523.141
MinimumVisualStudioVersion = 10.0.40219.1
Project("{FAE04EC0-301F-11D3-BF4B-00C04F79EFBC}") = "Ejercicio_5_5_6", "Ejercicio_5_5_6\Ejercicio_5_5_6.csproj", "{F695889D-259D-4343-8334-E285F6C148A1}"
EndProject
Global
	GlobalSection(SolutionConfigurationPlatforms) = preSolution
		Debug|Any CPU = Debug|Any CPU
		Release|Any CPU = Release|Any CPU
	EndGlobalSection
	GlobalSection(ProjectConfigurationPlatforms) = postSolution
		{F695889D-259D-4343-8334-E285F6C148A1}.Debug|Any CPU.ActiveCfg = Debug|Any CPU
		{F695889D-259D-4343-8334-E285F6C148A1}.Debug|Any CPU.Build.0 = Debug|Any CPU
		{F695889D-259D-4343-8334-E285F6C148A1}.Release|Any CPU.ActiveCfg = Release|Any CPU
		{F695889D-259D-4343-8334-E285F6C148A1}.Release|Any CPU.Build.0 = Release|Any CPU
	EndGlobalSection
	GlobalSection(SolutionProperties) = preSolution
		HideSolutionNode = FALSE
	EndGlobalSection
	GlobalSection(ExtensibilityGlobals) = postSolution
		SolutionGuid = {980496B0-9835-46F5-9B87-190C1D973D4F}
	EndGlobalSection
EndGlobal
