
Microsoft Visual Studio Solution File, Format Version 12.00
# Visual Studio Version 16
VisualStudioVersion = 16.0.30523.141
MinimumVisualStudioVersion = 10.0.40219.1
Project("{FAE04EC0-301F-11D3-BF4B-00C04F79EFBC}") = "Ejercicio_3_2_3_5", "Ejercicio_3_2_3_5\Ejercicio_3_2_3_5.csproj", "{DA14561A-5DBF-4109-B57E-3BAD56AA603F}"
EndProject
Global
	GlobalSection(SolutionConfigurationPlatforms) = preSolution
		Debug|Any CPU = Debug|Any CPU
		Release|Any CPU = Release|Any CPU
	EndGlobalSection
	GlobalSection(ProjectConfigurationPlatforms) = postSolution
		{DA14561A-5DBF-4109-B57E-3BAD56AA603F}.Debug|Any CPU.ActiveCfg = Debug|Any CPU
		{DA14561A-5DBF-4109-B57E-3BAD56AA603F}.Debug|Any CPU.Build.0 = Debug|Any CPU
		{DA14561A-5DBF-4109-B57E-3BAD56AA603F}.Release|Any CPU.ActiveCfg = Release|Any CPU
		{DA14561A-5DBF-4109-B57E-3BAD56AA603F}.Release|Any CPU.Build.0 = Release|Any CPU
	EndGlobalSection
	GlobalSection(SolutionProperties) = preSolution
		HideSolutionNode = FALSE
	EndGlobalSection
	GlobalSection(ExtensibilityGlobals) = postSolution
		SolutionGuid = {972260DE-4DBD-4EEA-9A14-164712D87E53}
	EndGlobalSection
EndGlobal
