
Microsoft Visual Studio Solution File, Format Version 12.00
# Visual Studio Version 16
VisualStudioVersion = 16.0.30523.141
MinimumVisualStudioVersion = 10.0.40219.1
Project("{FAE04EC0-301F-11D3-BF4B-00C04F79EFBC}") = "Torres_Vega_Fernando_practica_1_1_DAM", "Torres_Vega_Fernando_practica_1_1_DAM\Torres_Vega_Fernando_practica_1_1_DAM.csproj", "{2A9E764B-F02F-452A-9A77-B81E994C52F1}"
EndProject
Global
	GlobalSection(SolutionConfigurationPlatforms) = preSolution
		Debug|Any CPU = Debug|Any CPU
		Release|Any CPU = Release|Any CPU
	EndGlobalSection
	GlobalSection(ProjectConfigurationPlatforms) = postSolution
		{2A9E764B-F02F-452A-9A77-B81E994C52F1}.Debug|Any CPU.ActiveCfg = Debug|Any CPU
		{2A9E764B-F02F-452A-9A77-B81E994C52F1}.Debug|Any CPU.Build.0 = Debug|Any CPU
		{2A9E764B-F02F-452A-9A77-B81E994C52F1}.Release|Any CPU.ActiveCfg = Release|Any CPU
		{2A9E764B-F02F-452A-9A77-B81E994C52F1}.Release|Any CPU.Build.0 = Release|Any CPU
	EndGlobalSection
	GlobalSection(SolutionProperties) = preSolution
		HideSolutionNode = FALSE
	EndGlobalSection
	GlobalSection(ExtensibilityGlobals) = postSolution
		SolutionGuid = {03F23D88-DFF7-48A9-9F7C-011DB0FC6832}
	EndGlobalSection
EndGlobal
