
Microsoft Visual Studio Solution File, Format Version 12.00
# Visual Studio Version 16
VisualStudioVersion = 16.0.30517.126
MinimumVisualStudioVersion = 10.0.40219.1
Project("{FAE04EC0-301F-11D3-BF4B-00C04F79EFBC}") = "Ejercicio_2_7_1", "Ejercicio_2_7_1\Ejercicio_2_7_1.csproj", "{44609A3A-5193-4CC4-9BDA-FA4C06550B34}"
EndProject
Global
	GlobalSection(SolutionConfigurationPlatforms) = preSolution
		Debug|Any CPU = Debug|Any CPU
		Release|Any CPU = Release|Any CPU
	EndGlobalSection
	GlobalSection(ProjectConfigurationPlatforms) = postSolution
		{44609A3A-5193-4CC4-9BDA-FA4C06550B34}.Debug|Any CPU.ActiveCfg = Debug|Any CPU
		{44609A3A-5193-4CC4-9BDA-FA4C06550B34}.Debug|Any CPU.Build.0 = Debug|Any CPU
		{44609A3A-5193-4CC4-9BDA-FA4C06550B34}.Release|Any CPU.ActiveCfg = Release|Any CPU
		{44609A3A-5193-4CC4-9BDA-FA4C06550B34}.Release|Any CPU.Build.0 = Release|Any CPU
	EndGlobalSection
	GlobalSection(SolutionProperties) = preSolution
		HideSolutionNode = FALSE
	EndGlobalSection
	GlobalSection(ExtensibilityGlobals) = postSolution
		SolutionGuid = {DED424EC-2E68-4C7D-B8C4-19A09E8DBDB1}
	EndGlobalSection
EndGlobal
