
Microsoft Visual Studio Solution File, Format Version 12.00
# Visual Studio Version 16
VisualStudioVersion = 16.0.30523.141
MinimumVisualStudioVersion = 10.0.40219.1
Project("{FAE04EC0-301F-11D3-BF4B-00C04F79EFBC}") = "Ejercicio_4_1_1_2", "Ejercicio_4_1_1_2\Ejercicio_4_1_1_2.csproj", "{CD8F5951-D3AE-4A0F-A8F8-B91641193FC5}"
EndProject
Global
	GlobalSection(SolutionConfigurationPlatforms) = preSolution
		Debug|Any CPU = Debug|Any CPU
		Release|Any CPU = Release|Any CPU
	EndGlobalSection
	GlobalSection(ProjectConfigurationPlatforms) = postSolution
		{CD8F5951-D3AE-4A0F-A8F8-B91641193FC5}.Debug|Any CPU.ActiveCfg = Debug|Any CPU
		{CD8F5951-D3AE-4A0F-A8F8-B91641193FC5}.Debug|Any CPU.Build.0 = Debug|Any CPU
		{CD8F5951-D3AE-4A0F-A8F8-B91641193FC5}.Release|Any CPU.ActiveCfg = Release|Any CPU
		{CD8F5951-D3AE-4A0F-A8F8-B91641193FC5}.Release|Any CPU.Build.0 = Release|Any CPU
	EndGlobalSection
	GlobalSection(SolutionProperties) = preSolution
		HideSolutionNode = FALSE
	EndGlobalSection
	GlobalSection(ExtensibilityGlobals) = postSolution
		SolutionGuid = {9779C818-1FA2-46AC-AA28-053459E39A6C}
	EndGlobalSection
EndGlobal
