
Microsoft Visual Studio Solution File, Format Version 12.00
# Visual Studio Version 16
VisualStudioVersion = 16.0.30517.126
MinimumVisualStudioVersion = 10.0.40219.1
Project("{FAE04EC0-301F-11D3-BF4B-00C04F79EFBC}") = "Ejercicio_2_6_3", "Ejercicio_2_6_3\Ejercicio_2_6_3.csproj", "{97DEA4F4-5D90-40D5-A992-A65082033263}"
EndProject
Global
	GlobalSection(SolutionConfigurationPlatforms) = preSolution
		Debug|Any CPU = Debug|Any CPU
		Release|Any CPU = Release|Any CPU
	EndGlobalSection
	GlobalSection(ProjectConfigurationPlatforms) = postSolution
		{97DEA4F4-5D90-40D5-A992-A65082033263}.Debug|Any CPU.ActiveCfg = Debug|Any CPU
		{97DEA4F4-5D90-40D5-A992-A65082033263}.Debug|Any CPU.Build.0 = Debug|Any CPU
		{97DEA4F4-5D90-40D5-A992-A65082033263}.Release|Any CPU.ActiveCfg = Release|Any CPU
		{97DEA4F4-5D90-40D5-A992-A65082033263}.Release|Any CPU.Build.0 = Release|Any CPU
	EndGlobalSection
	GlobalSection(SolutionProperties) = preSolution
		HideSolutionNode = FALSE
	EndGlobalSection
	GlobalSection(ExtensibilityGlobals) = postSolution
		SolutionGuid = {1BF18BD2-7424-4B05-AB9F-4AF8F375013B}
	EndGlobalSection
EndGlobal
