
Microsoft Visual Studio Solution File, Format Version 12.00
# Visual Studio Version 16
VisualStudioVersion = 16.0.30503.244
MinimumVisualStudioVersion = 10.0.40219.1
Project("{FAE04EC0-301F-11D3-BF4B-00C04F79EFBC}") = "Ejercicio_1_7_4", "Ejercicio_1_7_4\Ejercicio_1_7_4.csproj", "{FADBE095-B909-44FD-B99E-7251E86C134F}"
EndProject
Global
	GlobalSection(SolutionConfigurationPlatforms) = preSolution
		Debug|Any CPU = Debug|Any CPU
		Release|Any CPU = Release|Any CPU
	EndGlobalSection
	GlobalSection(ProjectConfigurationPlatforms) = postSolution
		{FADBE095-B909-44FD-B99E-7251E86C134F}.Debug|Any CPU.ActiveCfg = Debug|Any CPU
		{FADBE095-B909-44FD-B99E-7251E86C134F}.Debug|Any CPU.Build.0 = Debug|Any CPU
		{FADBE095-B909-44FD-B99E-7251E86C134F}.Release|Any CPU.ActiveCfg = Release|Any CPU
		{FADBE095-B909-44FD-B99E-7251E86C134F}.Release|Any CPU.Build.0 = Release|Any CPU
	EndGlobalSection
	GlobalSection(SolutionProperties) = preSolution
		HideSolutionNode = FALSE
	EndGlobalSection
	GlobalSection(ExtensibilityGlobals) = postSolution
		SolutionGuid = {271CC9F7-6703-4ABF-AF42-D8058B33421C}
	EndGlobalSection
EndGlobal
