
Microsoft Visual Studio Solution File, Format Version 12.00
# Visual Studio Version 16
VisualStudioVersion = 16.0.30523.141
MinimumVisualStudioVersion = 10.0.40219.1
Project("{FAE04EC0-301F-11D3-BF4B-00C04F79EFBC}") = "Ejercicio_4_4_4_2", "Ejercicio_4_4_4_2\Ejercicio_4_4_4_2.csproj", "{EAC0810A-E519-4EAE-9C74-8D31861EE51B}"
EndProject
Global
	GlobalSection(SolutionConfigurationPlatforms) = preSolution
		Debug|Any CPU = Debug|Any CPU
		Release|Any CPU = Release|Any CPU
	EndGlobalSection
	GlobalSection(ProjectConfigurationPlatforms) = postSolution
		{EAC0810A-E519-4EAE-9C74-8D31861EE51B}.Debug|Any CPU.ActiveCfg = Debug|Any CPU
		{EAC0810A-E519-4EAE-9C74-8D31861EE51B}.Debug|Any CPU.Build.0 = Debug|Any CPU
		{EAC0810A-E519-4EAE-9C74-8D31861EE51B}.Release|Any CPU.ActiveCfg = Release|Any CPU
		{EAC0810A-E519-4EAE-9C74-8D31861EE51B}.Release|Any CPU.Build.0 = Release|Any CPU
	EndGlobalSection
	GlobalSection(SolutionProperties) = preSolution
		HideSolutionNode = FALSE
	EndGlobalSection
	GlobalSection(ExtensibilityGlobals) = postSolution
		SolutionGuid = {DAFD7128-1EBC-45EE-ADFB-5892683A45B8}
	EndGlobalSection
EndGlobal
