
Microsoft Visual Studio Solution File, Format Version 12.00
# Visual Studio Version 16
VisualStudioVersion = 16.0.30503.244
MinimumVisualStudioVersion = 10.0.40219.1
Project("{FAE04EC0-301F-11D3-BF4B-00C04F79EFBC}") = "Ejercicio_1_6_3_4", "Ejercicio_1_6_3_4\Ejercicio_1_6_3_4.csproj", "{55FCE15E-D335-4BD2-8270-43425DC715F8}"
EndProject
Global
	GlobalSection(SolutionConfigurationPlatforms) = preSolution
		Debug|Any CPU = Debug|Any CPU
		Release|Any CPU = Release|Any CPU
	EndGlobalSection
	GlobalSection(ProjectConfigurationPlatforms) = postSolution
		{55FCE15E-D335-4BD2-8270-43425DC715F8}.Debug|Any CPU.ActiveCfg = Debug|Any CPU
		{55FCE15E-D335-4BD2-8270-43425DC715F8}.Debug|Any CPU.Build.0 = Debug|Any CPU
		{55FCE15E-D335-4BD2-8270-43425DC715F8}.Release|Any CPU.ActiveCfg = Release|Any CPU
		{55FCE15E-D335-4BD2-8270-43425DC715F8}.Release|Any CPU.Build.0 = Release|Any CPU
	EndGlobalSection
	GlobalSection(SolutionProperties) = preSolution
		HideSolutionNode = FALSE
	EndGlobalSection
	GlobalSection(ExtensibilityGlobals) = postSolution
		SolutionGuid = {6A72A973-272B-4F57-9E90-FE651BB66048}
	EndGlobalSection
EndGlobal
