
Microsoft Visual Studio Solution File, Format Version 12.00
# Visual Studio Version 16
VisualStudioVersion = 16.0.30517.126
MinimumVisualStudioVersion = 10.0.40219.1
Project("{FAE04EC0-301F-11D3-BF4B-00C04F79EFBC}") = "Ejercicio_3_1_4_2", "Ejercicio_3_1_4_2\Ejercicio_3_1_4_2.csproj", "{3BB6923D-0252-4CCF-8B74-FF8DC6F8E024}"
EndProject
Global
	GlobalSection(SolutionConfigurationPlatforms) = preSolution
		Debug|Any CPU = Debug|Any CPU
		Release|Any CPU = Release|Any CPU
	EndGlobalSection
	GlobalSection(ProjectConfigurationPlatforms) = postSolution
		{3BB6923D-0252-4CCF-8B74-FF8DC6F8E024}.Debug|Any CPU.ActiveCfg = Debug|Any CPU
		{3BB6923D-0252-4CCF-8B74-FF8DC6F8E024}.Debug|Any CPU.Build.0 = Debug|Any CPU
		{3BB6923D-0252-4CCF-8B74-FF8DC6F8E024}.Release|Any CPU.ActiveCfg = Release|Any CPU
		{3BB6923D-0252-4CCF-8B74-FF8DC6F8E024}.Release|Any CPU.Build.0 = Release|Any CPU
	EndGlobalSection
	GlobalSection(SolutionProperties) = preSolution
		HideSolutionNode = FALSE
	EndGlobalSection
	GlobalSection(ExtensibilityGlobals) = postSolution
		SolutionGuid = {FA78A506-DA32-4895-AFBD-BD88F5C53C6E}
	EndGlobalSection
EndGlobal
