
Microsoft Visual Studio Solution File, Format Version 12.00
# Visual Studio Version 16
VisualStudioVersion = 16.0.30523.141
MinimumVisualStudioVersion = 10.0.40219.1
Project("{FAE04EC0-301F-11D3-BF4B-00C04F79EFBC}") = "Ejercicio_6_5_3", "Ejercicio_6_5_3\Ejercicio_6_5_3.csproj", "{7984A824-CDB9-48C5-83E2-A30C99BACD84}"
EndProject
Global
	GlobalSection(SolutionConfigurationPlatforms) = preSolution
		Debug|Any CPU = Debug|Any CPU
		Release|Any CPU = Release|Any CPU
	EndGlobalSection
	GlobalSection(ProjectConfigurationPlatforms) = postSolution
		{7984A824-CDB9-48C5-83E2-A30C99BACD84}.Debug|Any CPU.ActiveCfg = Debug|Any CPU
		{7984A824-CDB9-48C5-83E2-A30C99BACD84}.Debug|Any CPU.Build.0 = Debug|Any CPU
		{7984A824-CDB9-48C5-83E2-A30C99BACD84}.Release|Any CPU.ActiveCfg = Release|Any CPU
		{7984A824-CDB9-48C5-83E2-A30C99BACD84}.Release|Any CPU.Build.0 = Release|Any CPU
	EndGlobalSection
	GlobalSection(SolutionProperties) = preSolution
		HideSolutionNode = FALSE
	EndGlobalSection
	GlobalSection(ExtensibilityGlobals) = postSolution
		SolutionGuid = {BF72A541-D106-4C1B-8ECE-2D8F89C84A62}
	EndGlobalSection
EndGlobal
