
Microsoft Visual Studio Solution File, Format Version 12.00
# Visual Studio Version 16
VisualStudioVersion = 16.0.30523.141
MinimumVisualStudioVersion = 10.0.40219.1
Project("{FAE04EC0-301F-11D3-BF4B-00C04F79EFBC}") = "Ejercicio_4_4_7_1", "Ejercicio_4_4_7_1\Ejercicio_4_4_7_1.csproj", "{7D91B46E-D54B-4AC1-B8A2-CBCB5F9D12E6}"
EndProject
Global
	GlobalSection(SolutionConfigurationPlatforms) = preSolution
		Debug|Any CPU = Debug|Any CPU
		Release|Any CPU = Release|Any CPU
	EndGlobalSection
	GlobalSection(ProjectConfigurationPlatforms) = postSolution
		{7D91B46E-D54B-4AC1-B8A2-CBCB5F9D12E6}.Debug|Any CPU.ActiveCfg = Debug|Any CPU
		{7D91B46E-D54B-4AC1-B8A2-CBCB5F9D12E6}.Debug|Any CPU.Build.0 = Debug|Any CPU
		{7D91B46E-D54B-4AC1-B8A2-CBCB5F9D12E6}.Release|Any CPU.ActiveCfg = Release|Any CPU
		{7D91B46E-D54B-4AC1-B8A2-CBCB5F9D12E6}.Release|Any CPU.Build.0 = Release|Any CPU
	EndGlobalSection
	GlobalSection(SolutionProperties) = preSolution
		HideSolutionNode = FALSE
	EndGlobalSection
	GlobalSection(ExtensibilityGlobals) = postSolution
		SolutionGuid = {A7A9ADE6-D80A-4ECE-932A-73242A74D269}
	EndGlobalSection
EndGlobal
