
Microsoft Visual Studio Solution File, Format Version 12.00
# Visual Studio Version 16
VisualStudioVersion = 16.0.30523.141
MinimumVisualStudioVersion = 10.0.40219.1
Project("{FAE04EC0-301F-11D3-BF4B-00C04F79EFBC}") = "Ejercicio_6_4_5", "Ejercicio_6_4_5\Ejercicio_6_4_5.csproj", "{EB684465-6F54-4E79-8A55-9395C8BAF947}"
EndProject
Global
	GlobalSection(SolutionConfigurationPlatforms) = preSolution
		Debug|Any CPU = Debug|Any CPU
		Release|Any CPU = Release|Any CPU
	EndGlobalSection
	GlobalSection(ProjectConfigurationPlatforms) = postSolution
		{EB684465-6F54-4E79-8A55-9395C8BAF947}.Debug|Any CPU.ActiveCfg = Debug|Any CPU
		{EB684465-6F54-4E79-8A55-9395C8BAF947}.Debug|Any CPU.Build.0 = Debug|Any CPU
		{EB684465-6F54-4E79-8A55-9395C8BAF947}.Release|Any CPU.ActiveCfg = Release|Any CPU
		{EB684465-6F54-4E79-8A55-9395C8BAF947}.Release|Any CPU.Build.0 = Release|Any CPU
	EndGlobalSection
	GlobalSection(SolutionProperties) = preSolution
		HideSolutionNode = FALSE
	EndGlobalSection
	GlobalSection(ExtensibilityGlobals) = postSolution
		SolutionGuid = {8F0F6B48-FA7E-45C9-A82D-034E938A2214}
	EndGlobalSection
EndGlobal
