
Microsoft Visual Studio Solution File, Format Version 12.00
# Visual Studio Version 16
VisualStudioVersion = 16.0.30523.141
MinimumVisualStudioVersion = 10.0.40219.1
Project("{FAE04EC0-301F-11D3-BF4B-00C04F79EFBC}") = "Ejercicio_8_3_2", "Ejercicio_8_3_2\Ejercicio_8_3_2.csproj", "{80F2F6F7-F0B8-4471-BA40-98207BC1F2AD}"
EndProject
Global
	GlobalSection(SolutionConfigurationPlatforms) = preSolution
		Debug|Any CPU = Debug|Any CPU
		Release|Any CPU = Release|Any CPU
	EndGlobalSection
	GlobalSection(ProjectConfigurationPlatforms) = postSolution
		{80F2F6F7-F0B8-4471-BA40-98207BC1F2AD}.Debug|Any CPU.ActiveCfg = Debug|Any CPU
		{80F2F6F7-F0B8-4471-BA40-98207BC1F2AD}.Debug|Any CPU.Build.0 = Debug|Any CPU
		{80F2F6F7-F0B8-4471-BA40-98207BC1F2AD}.Release|Any CPU.ActiveCfg = Release|Any CPU
		{80F2F6F7-F0B8-4471-BA40-98207BC1F2AD}.Release|Any CPU.Build.0 = Release|Any CPU
	EndGlobalSection
	GlobalSection(SolutionProperties) = preSolution
		HideSolutionNode = FALSE
	EndGlobalSection
	GlobalSection(ExtensibilityGlobals) = postSolution
		SolutionGuid = {2BBCDC58-0736-42FB-8589-0B04070717F9}
	EndGlobalSection
EndGlobal
