
Microsoft Visual Studio Solution File, Format Version 12.00
# Visual Studio Version 16
VisualStudioVersion = 16.0.30523.141
MinimumVisualStudioVersion = 10.0.40219.1
Project("{FAE04EC0-301F-11D3-BF4B-00C04F79EFBC}") = "Ejercicio_5_9_2_1", "Ejercicio_5_9_2_1\Ejercicio_5_9_2_1.csproj", "{B753A21E-AE8C-476E-BA6B-69464C57FD20}"
EndProject
Global
	GlobalSection(SolutionConfigurationPlatforms) = preSolution
		Debug|Any CPU = Debug|Any CPU
		Release|Any CPU = Release|Any CPU
	EndGlobalSection
	GlobalSection(ProjectConfigurationPlatforms) = postSolution
		{B753A21E-AE8C-476E-BA6B-69464C57FD20}.Debug|Any CPU.ActiveCfg = Debug|Any CPU
		{B753A21E-AE8C-476E-BA6B-69464C57FD20}.Debug|Any CPU.Build.0 = Debug|Any CPU
		{B753A21E-AE8C-476E-BA6B-69464C57FD20}.Release|Any CPU.ActiveCfg = Release|Any CPU
		{B753A21E-AE8C-476E-BA6B-69464C57FD20}.Release|Any CPU.Build.0 = Release|Any CPU
	EndGlobalSection
	GlobalSection(SolutionProperties) = preSolution
		HideSolutionNode = FALSE
	EndGlobalSection
	GlobalSection(ExtensibilityGlobals) = postSolution
		SolutionGuid = {C31CA5B6-7130-44C2-9776-1BC7A205089E}
	EndGlobalSection
EndGlobal
