
Microsoft Visual Studio Solution File, Format Version 12.00
# Visual Studio Version 16
VisualStudioVersion = 16.0.30523.141
MinimumVisualStudioVersion = 10.0.40219.1
Project("{FAE04EC0-301F-11D3-BF4B-00C04F79EFBC}") = "Ejercicio_5_5_3", "Ejercicio_5_5_3\Ejercicio_5_5_3.csproj", "{B8249317-F2B0-4A64-946F-899AD2BE447D}"
EndProject
Global
	GlobalSection(SolutionConfigurationPlatforms) = preSolution
		Debug|Any CPU = Debug|Any CPU
		Release|Any CPU = Release|Any CPU
	EndGlobalSection
	GlobalSection(ProjectConfigurationPlatforms) = postSolution
		{B8249317-F2B0-4A64-946F-899AD2BE447D}.Debug|Any CPU.ActiveCfg = Debug|Any CPU
		{B8249317-F2B0-4A64-946F-899AD2BE447D}.Debug|Any CPU.Build.0 = Debug|Any CPU
		{B8249317-F2B0-4A64-946F-899AD2BE447D}.Release|Any CPU.ActiveCfg = Release|Any CPU
		{B8249317-F2B0-4A64-946F-899AD2BE447D}.Release|Any CPU.Build.0 = Release|Any CPU
	EndGlobalSection
	GlobalSection(SolutionProperties) = preSolution
		HideSolutionNode = FALSE
	EndGlobalSection
	GlobalSection(ExtensibilityGlobals) = postSolution
		SolutionGuid = {7C89CC9A-E28E-4B86-8D4B-19E16A7DD5A2}
	EndGlobalSection
EndGlobal
