
Microsoft Visual Studio Solution File, Format Version 12.00
# Visual Studio Version 16
VisualStudioVersion = 16.0.30523.141
MinimumVisualStudioVersion = 10.0.40219.1
Project("{FAE04EC0-301F-11D3-BF4B-00C04F79EFBC}") = "Ejercicio_8_3_5", "Ejercicio_8_3_5\Ejercicio_8_3_5.csproj", "{042CC60B-3BBE-4F9D-84A6-281C0819F376}"
EndProject
Global
	GlobalSection(SolutionConfigurationPlatforms) = preSolution
		Debug|Any CPU = Debug|Any CPU
		Release|Any CPU = Release|Any CPU
	EndGlobalSection
	GlobalSection(ProjectConfigurationPlatforms) = postSolution
		{042CC60B-3BBE-4F9D-84A6-281C0819F376}.Debug|Any CPU.ActiveCfg = Debug|Any CPU
		{042CC60B-3BBE-4F9D-84A6-281C0819F376}.Debug|Any CPU.Build.0 = Debug|Any CPU
		{042CC60B-3BBE-4F9D-84A6-281C0819F376}.Release|Any CPU.ActiveCfg = Release|Any CPU
		{042CC60B-3BBE-4F9D-84A6-281C0819F376}.Release|Any CPU.Build.0 = Release|Any CPU
	EndGlobalSection
	GlobalSection(SolutionProperties) = preSolution
		HideSolutionNode = FALSE
	EndGlobalSection
	GlobalSection(ExtensibilityGlobals) = postSolution
		SolutionGuid = {69655664-F961-4E9D-AAF6-929A18B82771}
	EndGlobalSection
EndGlobal
