
Microsoft Visual Studio Solution File, Format Version 12.00
# Visual Studio Version 16
VisualStudioVersion = 16.0.30523.141
MinimumVisualStudioVersion = 10.0.40219.1
Project("{FAE04EC0-301F-11D3-BF4B-00C04F79EFBC}") = "Ejercicio_8_4_1", "Ejercicio_8_4_1\Ejercicio_8_4_1.csproj", "{DBFF89D9-02EB-4712-9909-97B13F7C3947}"
EndProject
Global
	GlobalSection(SolutionConfigurationPlatforms) = preSolution
		Debug|Any CPU = Debug|Any CPU
		Release|Any CPU = Release|Any CPU
	EndGlobalSection
	GlobalSection(ProjectConfigurationPlatforms) = postSolution
		{DBFF89D9-02EB-4712-9909-97B13F7C3947}.Debug|Any CPU.ActiveCfg = Debug|Any CPU
		{DBFF89D9-02EB-4712-9909-97B13F7C3947}.Debug|Any CPU.Build.0 = Debug|Any CPU
		{DBFF89D9-02EB-4712-9909-97B13F7C3947}.Release|Any CPU.ActiveCfg = Release|Any CPU
		{DBFF89D9-02EB-4712-9909-97B13F7C3947}.Release|Any CPU.Build.0 = Release|Any CPU
	EndGlobalSection
	GlobalSection(SolutionProperties) = preSolution
		HideSolutionNode = FALSE
	EndGlobalSection
	GlobalSection(ExtensibilityGlobals) = postSolution
		SolutionGuid = {8F8234B7-3479-4643-A0C5-3CC76EB58B67}
	EndGlobalSection
EndGlobal
