
Microsoft Visual Studio Solution File, Format Version 12.00
# Visual Studio Version 16
VisualStudioVersion = 16.0.30503.244
MinimumVisualStudioVersion = 10.0.40219.1
Project("{FAE04EC0-301F-11D3-BF4B-00C04F79EFBC}") = "Ejercicio_1_5_1_3", "Ejercicio_1_5_1_3\Ejercicio_1_5_1_3.csproj", "{A19F75C7-2372-4E98-B3BE-213A11EAC378}"
EndProject
Global
	GlobalSection(SolutionConfigurationPlatforms) = preSolution
		Debug|Any CPU = Debug|Any CPU
		Release|Any CPU = Release|Any CPU
	EndGlobalSection
	GlobalSection(ProjectConfigurationPlatforms) = postSolution
		{A19F75C7-2372-4E98-B3BE-213A11EAC378}.Debug|Any CPU.ActiveCfg = Debug|Any CPU
		{A19F75C7-2372-4E98-B3BE-213A11EAC378}.Debug|Any CPU.Build.0 = Debug|Any CPU
		{A19F75C7-2372-4E98-B3BE-213A11EAC378}.Release|Any CPU.ActiveCfg = Release|Any CPU
		{A19F75C7-2372-4E98-B3BE-213A11EAC378}.Release|Any CPU.Build.0 = Release|Any CPU
	EndGlobalSection
	GlobalSection(SolutionProperties) = preSolution
		HideSolutionNode = FALSE
	EndGlobalSection
	GlobalSection(ExtensibilityGlobals) = postSolution
		SolutionGuid = {CBAC64F2-224B-49AE-9114-941AF0BC6379}
	EndGlobalSection
EndGlobal
