
Microsoft Visual Studio Solution File, Format Version 12.00
# Visual Studio Version 16
VisualStudioVersion = 16.0.30517.126
MinimumVisualStudioVersion = 10.0.40219.1
Project("{FAE04EC0-301F-11D3-BF4B-00C04F79EFBC}") = "Ejercicio_2_6_5", "Ejercicio_2_6_5\Ejercicio_2_6_5.csproj", "{71067BAE-E03B-4CA0-ACFA-CEC77B757154}"
EndProject
Global
	GlobalSection(SolutionConfigurationPlatforms) = preSolution
		Debug|Any CPU = Debug|Any CPU
		Release|Any CPU = Release|Any CPU
	EndGlobalSection
	GlobalSection(ProjectConfigurationPlatforms) = postSolution
		{71067BAE-E03B-4CA0-ACFA-CEC77B757154}.Debug|Any CPU.ActiveCfg = Debug|Any CPU
		{71067BAE-E03B-4CA0-ACFA-CEC77B757154}.Debug|Any CPU.Build.0 = Debug|Any CPU
		{71067BAE-E03B-4CA0-ACFA-CEC77B757154}.Release|Any CPU.ActiveCfg = Release|Any CPU
		{71067BAE-E03B-4CA0-ACFA-CEC77B757154}.Release|Any CPU.Build.0 = Release|Any CPU
	EndGlobalSection
	GlobalSection(SolutionProperties) = preSolution
		HideSolutionNode = FALSE
	EndGlobalSection
	GlobalSection(ExtensibilityGlobals) = postSolution
		SolutionGuid = {650ACF16-37B8-4337-BE37-46980F7E9F24}
	EndGlobalSection
EndGlobal
