
Microsoft Visual Studio Solution File, Format Version 12.00
# Visual Studio Version 16
VisualStudioVersion = 16.0.30517.126
MinimumVisualStudioVersion = 10.0.40219.1
Project("{FAE04EC0-301F-11D3-BF4B-00C04F79EFBC}") = "Ejercicio_2_2_6_2", "Ejercicio_2_2_6_2\Ejercicio_2_2_6_2.csproj", "{2DEECB1B-458A-40FD-B1D5-FD25CF83A00B}"
EndProject
Global
	GlobalSection(SolutionConfigurationPlatforms) = preSolution
		Debug|Any CPU = Debug|Any CPU
		Release|Any CPU = Release|Any CPU
	EndGlobalSection
	GlobalSection(ProjectConfigurationPlatforms) = postSolution
		{2DEECB1B-458A-40FD-B1D5-FD25CF83A00B}.Debug|Any CPU.ActiveCfg = Debug|Any CPU
		{2DEECB1B-458A-40FD-B1D5-FD25CF83A00B}.Debug|Any CPU.Build.0 = Debug|Any CPU
		{2DEECB1B-458A-40FD-B1D5-FD25CF83A00B}.Release|Any CPU.ActiveCfg = Release|Any CPU
		{2DEECB1B-458A-40FD-B1D5-FD25CF83A00B}.Release|Any CPU.Build.0 = Release|Any CPU
	EndGlobalSection
	GlobalSection(SolutionProperties) = preSolution
		HideSolutionNode = FALSE
	EndGlobalSection
	GlobalSection(ExtensibilityGlobals) = postSolution
		SolutionGuid = {4194320C-4F03-4B0B-BC14-3B9CF1D83296}
	EndGlobalSection
EndGlobal
