
Microsoft Visual Studio Solution File, Format Version 12.00
# Visual Studio Version 16
VisualStudioVersion = 16.0.30523.141
MinimumVisualStudioVersion = 10.0.40219.1
Project("{FAE04EC0-301F-11D3-BF4B-00C04F79EFBC}") = "Ejemplo1", "Ejemplo1\Ejemplo1.csproj", "{2628394B-1066-4E7A-BDAD-281BA197CEBA}"
EndProject
Global
	GlobalSection(SolutionConfigurationPlatforms) = preSolution
		Debug|Any CPU = Debug|Any CPU
		Release|Any CPU = Release|Any CPU
	EndGlobalSection
	GlobalSection(ProjectConfigurationPlatforms) = postSolution
		{2628394B-1066-4E7A-BDAD-281BA197CEBA}.Debug|Any CPU.ActiveCfg = Debug|Any CPU
		{2628394B-1066-4E7A-BDAD-281BA197CEBA}.Debug|Any CPU.Build.0 = Debug|Any CPU
		{2628394B-1066-4E7A-BDAD-281BA197CEBA}.Release|Any CPU.ActiveCfg = Release|Any CPU
		{2628394B-1066-4E7A-BDAD-281BA197CEBA}.Release|Any CPU.Build.0 = Release|Any CPU
	EndGlobalSection
	GlobalSection(SolutionProperties) = preSolution
		HideSolutionNode = FALSE
	EndGlobalSection
	GlobalSection(ExtensibilityGlobals) = postSolution
		SolutionGuid = {F44B189C-0CC1-43FB-A461-05357A8DFFCB}
	EndGlobalSection
EndGlobal
