
Microsoft Visual Studio Solution File, Format Version 12.00
# Visual Studio Version 16
VisualStudioVersion = 16.0.30503.244
MinimumVisualStudioVersion = 10.0.40219.1
Project("{9A19103F-16F7-4668-BE54-9A1E7A4F7556}") = "Ejercicio_2_1_8_2", "Ejercicio_1_2_8_2\Ejercicio_2_1_8_2.csproj", "{26EF6833-9F9E-4909-8DE4-B9CEC3AAB1F2}"
EndProject
Global
	GlobalSection(SolutionConfigurationPlatforms) = preSolution
		Debug|Any CPU = Debug|Any CPU
		Release|Any CPU = Release|Any CPU
	EndGlobalSection
	GlobalSection(ProjectConfigurationPlatforms) = postSolution
		{26EF6833-9F9E-4909-8DE4-B9CEC3AAB1F2}.Debug|Any CPU.ActiveCfg = Debug|Any CPU
		{26EF6833-9F9E-4909-8DE4-B9CEC3AAB1F2}.Debug|Any CPU.Build.0 = Debug|Any CPU
		{26EF6833-9F9E-4909-8DE4-B9CEC3AAB1F2}.Release|Any CPU.ActiveCfg = Release|Any CPU
		{26EF6833-9F9E-4909-8DE4-B9CEC3AAB1F2}.Release|Any CPU.Build.0 = Release|Any CPU
	EndGlobalSection
	GlobalSection(SolutionProperties) = preSolution
		HideSolutionNode = FALSE
	EndGlobalSection
	GlobalSection(ExtensibilityGlobals) = postSolution
		SolutionGuid = {5D2AC821-C67D-41B9-8006-EDD176B39704}
	EndGlobalSection
EndGlobal
