
Microsoft Visual Studio Solution File, Format Version 12.00
# Visual Studio Version 16
VisualStudioVersion = 16.0.30523.141
MinimumVisualStudioVersion = 10.0.40219.1
Project("{FAE04EC0-301F-11D3-BF4B-00C04F79EFBC}") = "Ejercicio_prueba_eliminar_palabras", "Ejercicio_prueba_eliminar_palabras\Ejercicio_prueba_eliminar_palabras.csproj", "{0253210A-D12C-4C84-BDFA-82C89758A2BA}"
EndProject
Global
	GlobalSection(SolutionConfigurationPlatforms) = preSolution
		Debug|Any CPU = Debug|Any CPU
		Release|Any CPU = Release|Any CPU
	EndGlobalSection
	GlobalSection(ProjectConfigurationPlatforms) = postSolution
		{0253210A-D12C-4C84-BDFA-82C89758A2BA}.Debug|Any CPU.ActiveCfg = Debug|Any CPU
		{0253210A-D12C-4C84-BDFA-82C89758A2BA}.Debug|Any CPU.Build.0 = Debug|Any CPU
		{0253210A-D12C-4C84-BDFA-82C89758A2BA}.Release|Any CPU.ActiveCfg = Release|Any CPU
		{0253210A-D12C-4C84-BDFA-82C89758A2BA}.Release|Any CPU.Build.0 = Release|Any CPU
	EndGlobalSection
	GlobalSection(SolutionProperties) = preSolution
		HideSolutionNode = FALSE
	EndGlobalSection
	GlobalSection(ExtensibilityGlobals) = postSolution
		SolutionGuid = {8BFF9D1E-7FAA-483C-BC24-9F48DB39A98A}
	EndGlobalSection
EndGlobal
