
Microsoft Visual Studio Solution File, Format Version 12.00
# Visual Studio Version 16
VisualStudioVersion = 16.0.30517.126
MinimumVisualStudioVersion = 10.0.40219.1
Project("{FAE04EC0-301F-11D3-BF4B-00C04F79EFBC}") = "Ejercicio_2_2_2_5", "Ejercicio_2_2_2_5\Ejercicio_2_2_2_5.csproj", "{28EC2589-5D19-4F2D-91EA-7C24A9D42587}"
EndProject
Global
	GlobalSection(SolutionConfigurationPlatforms) = preSolution
		Debug|Any CPU = Debug|Any CPU
		Release|Any CPU = Release|Any CPU
	EndGlobalSection
	GlobalSection(ProjectConfigurationPlatforms) = postSolution
		{28EC2589-5D19-4F2D-91EA-7C24A9D42587}.Debug|Any CPU.ActiveCfg = Debug|Any CPU
		{28EC2589-5D19-4F2D-91EA-7C24A9D42587}.Debug|Any CPU.Build.0 = Debug|Any CPU
		{28EC2589-5D19-4F2D-91EA-7C24A9D42587}.Release|Any CPU.ActiveCfg = Release|Any CPU
		{28EC2589-5D19-4F2D-91EA-7C24A9D42587}.Release|Any CPU.Build.0 = Release|Any CPU
	EndGlobalSection
	GlobalSection(SolutionProperties) = preSolution
		HideSolutionNode = FALSE
	EndGlobalSection
	GlobalSection(ExtensibilityGlobals) = postSolution
		SolutionGuid = {CCD4E949-6829-4344-831A-D56B0B427EA6}
	EndGlobalSection
EndGlobal
