
Microsoft Visual Studio Solution File, Format Version 12.00
# Visual Studio Version 16
VisualStudioVersion = 16.0.30503.244
MinimumVisualStudioVersion = 10.0.40219.1
Project("{FAE04EC0-301F-11D3-BF4B-00C04F79EFBC}") = "Ejercicio_2_1_3_2", "Ejercicio_2_1_3_2\Ejercicio_2_1_3_2.csproj", "{CFA6DBD5-6A8A-416F-915E-D31C0850D1F1}"
EndProject
Global
	GlobalSection(SolutionConfigurationPlatforms) = preSolution
		Debug|Any CPU = Debug|Any CPU
		Release|Any CPU = Release|Any CPU
	EndGlobalSection
	GlobalSection(ProjectConfigurationPlatforms) = postSolution
		{CFA6DBD5-6A8A-416F-915E-D31C0850D1F1}.Debug|Any CPU.ActiveCfg = Debug|Any CPU
		{CFA6DBD5-6A8A-416F-915E-D31C0850D1F1}.Debug|Any CPU.Build.0 = Debug|Any CPU
		{CFA6DBD5-6A8A-416F-915E-D31C0850D1F1}.Release|Any CPU.ActiveCfg = Release|Any CPU
		{CFA6DBD5-6A8A-416F-915E-D31C0850D1F1}.Release|Any CPU.Build.0 = Release|Any CPU
	EndGlobalSection
	GlobalSection(SolutionProperties) = preSolution
		HideSolutionNode = FALSE
	EndGlobalSection
	GlobalSection(ExtensibilityGlobals) = postSolution
		SolutionGuid = {71A00B9C-0B6D-4E81-AB20-85B19683F4BA}
	EndGlobalSection
EndGlobal
