
Microsoft Visual Studio Solution File, Format Version 12.00
# Visual Studio Version 16
VisualStudioVersion = 16.0.30523.141
MinimumVisualStudioVersion = 10.0.40219.1
Project("{FAE04EC0-301F-11D3-BF4B-00C04F79EFBC}") = "Ejercicio_4_3_2_2", "Ejercicio_4_3_2_2\Ejercicio_4_3_2_2.csproj", "{FF916578-9CEF-4DEA-B555-96821CD84181}"
EndProject
Global
	GlobalSection(SolutionConfigurationPlatforms) = preSolution
		Debug|Any CPU = Debug|Any CPU
		Release|Any CPU = Release|Any CPU
	EndGlobalSection
	GlobalSection(ProjectConfigurationPlatforms) = postSolution
		{FF916578-9CEF-4DEA-B555-96821CD84181}.Debug|Any CPU.ActiveCfg = Debug|Any CPU
		{FF916578-9CEF-4DEA-B555-96821CD84181}.Debug|Any CPU.Build.0 = Debug|Any CPU
		{FF916578-9CEF-4DEA-B555-96821CD84181}.Release|Any CPU.ActiveCfg = Release|Any CPU
		{FF916578-9CEF-4DEA-B555-96821CD84181}.Release|Any CPU.Build.0 = Release|Any CPU
	EndGlobalSection
	GlobalSection(SolutionProperties) = preSolution
		HideSolutionNode = FALSE
	EndGlobalSection
	GlobalSection(ExtensibilityGlobals) = postSolution
		SolutionGuid = {A3714AE0-1DB3-45B3-956A-2811D94C1967}
	EndGlobalSection
EndGlobal
