
Microsoft Visual Studio Solution File, Format Version 12.00
# Visual Studio Version 16
VisualStudioVersion = 16.0.30523.141
MinimumVisualStudioVersion = 10.0.40219.1
Project("{FAE04EC0-301F-11D3-BF4B-00C04F79EFBC}") = "Ejercicio_3_2_5_2", "Ejercicio_3_2_5_2\Ejercicio_3_2_5_2.csproj", "{535870F0-2344-4182-9624-BA2EDD3707EE}"
EndProject
Global
	GlobalSection(SolutionConfigurationPlatforms) = preSolution
		Debug|Any CPU = Debug|Any CPU
		Release|Any CPU = Release|Any CPU
	EndGlobalSection
	GlobalSection(ProjectConfigurationPlatforms) = postSolution
		{535870F0-2344-4182-9624-BA2EDD3707EE}.Debug|Any CPU.ActiveCfg = Debug|Any CPU
		{535870F0-2344-4182-9624-BA2EDD3707EE}.Debug|Any CPU.Build.0 = Debug|Any CPU
		{535870F0-2344-4182-9624-BA2EDD3707EE}.Release|Any CPU.ActiveCfg = Release|Any CPU
		{535870F0-2344-4182-9624-BA2EDD3707EE}.Release|Any CPU.Build.0 = Release|Any CPU
	EndGlobalSection
	GlobalSection(SolutionProperties) = preSolution
		HideSolutionNode = FALSE
	EndGlobalSection
	GlobalSection(ExtensibilityGlobals) = postSolution
		SolutionGuid = {2A78F8E7-99BE-4518-B164-2D52558865C7}
	EndGlobalSection
EndGlobal
