
Microsoft Visual Studio Solution File, Format Version 12.00
# Visual Studio Version 16
VisualStudioVersion = 16.0.30523.141
MinimumVisualStudioVersion = 10.0.40219.1
Project("{FAE04EC0-301F-11D3-BF4B-00C04F79EFBC}") = "practica_2", "practica_2\practica_2.csproj", "{B3CBB51B-B5EF-40F4-AF62-D0A8E5C9537B}"
EndProject
Global
	GlobalSection(SolutionConfigurationPlatforms) = preSolution
		Debug|Any CPU = Debug|Any CPU
		Release|Any CPU = Release|Any CPU
	EndGlobalSection
	GlobalSection(ProjectConfigurationPlatforms) = postSolution
		{B3CBB51B-B5EF-40F4-AF62-D0A8E5C9537B}.Debug|Any CPU.ActiveCfg = Debug|Any CPU
		{B3CBB51B-B5EF-40F4-AF62-D0A8E5C9537B}.Debug|Any CPU.Build.0 = Debug|Any CPU
		{B3CBB51B-B5EF-40F4-AF62-D0A8E5C9537B}.Release|Any CPU.ActiveCfg = Release|Any CPU
		{B3CBB51B-B5EF-40F4-AF62-D0A8E5C9537B}.Release|Any CPU.Build.0 = Release|Any CPU
	EndGlobalSection
	GlobalSection(SolutionProperties) = preSolution
		HideSolutionNode = FALSE
	EndGlobalSection
	GlobalSection(ExtensibilityGlobals) = postSolution
		SolutionGuid = {E395CF25-16F6-4571-BD77-AB5EF95ACAA9}
	EndGlobalSection
EndGlobal
