
Microsoft Visual Studio Solution File, Format Version 12.00
# Visual Studio Version 16
VisualStudioVersion = 16.0.30523.141
MinimumVisualStudioVersion = 10.0.40219.1
Project("{FAE04EC0-301F-11D3-BF4B-00C04F79EFBC}") = "Ejercicio_5_4_1", "Ejercicio_5_4_1\Ejercicio_5_4_1.csproj", "{40924C76-2F3B-4D49-A277-C4DC20609B97}"
EndProject
Global
	GlobalSection(SolutionConfigurationPlatforms) = preSolution
		Debug|Any CPU = Debug|Any CPU
		Release|Any CPU = Release|Any CPU
	EndGlobalSection
	GlobalSection(ProjectConfigurationPlatforms) = postSolution
		{40924C76-2F3B-4D49-A277-C4DC20609B97}.Debug|Any CPU.ActiveCfg = Debug|Any CPU
		{40924C76-2F3B-4D49-A277-C4DC20609B97}.Debug|Any CPU.Build.0 = Debug|Any CPU
		{40924C76-2F3B-4D49-A277-C4DC20609B97}.Release|Any CPU.ActiveCfg = Release|Any CPU
		{40924C76-2F3B-4D49-A277-C4DC20609B97}.Release|Any CPU.Build.0 = Release|Any CPU
	EndGlobalSection
	GlobalSection(SolutionProperties) = preSolution
		HideSolutionNode = FALSE
	EndGlobalSection
	GlobalSection(ExtensibilityGlobals) = postSolution
		SolutionGuid = {ABCBB515-D78F-43D6-8CAC-6A1909A9E2C1}
	EndGlobalSection
EndGlobal
