
Microsoft Visual Studio Solution File, Format Version 12.00
# Visual Studio Version 16
VisualStudioVersion = 16.0.30523.141
MinimumVisualStudioVersion = 10.0.40219.1
Project("{FAE04EC0-301F-11D3-BF4B-00C04F79EFBC}") = "Ejercicio_4_4_4_1", "Ejercicio_4_4_4_1\Ejercicio_4_4_4_1.csproj", "{16BE3048-60FA-45E0-8DC1-229E8DE2D12C}"
EndProject
Global
	GlobalSection(SolutionConfigurationPlatforms) = preSolution
		Debug|Any CPU = Debug|Any CPU
		Release|Any CPU = Release|Any CPU
	EndGlobalSection
	GlobalSection(ProjectConfigurationPlatforms) = postSolution
		{16BE3048-60FA-45E0-8DC1-229E8DE2D12C}.Debug|Any CPU.ActiveCfg = Debug|Any CPU
		{16BE3048-60FA-45E0-8DC1-229E8DE2D12C}.Debug|Any CPU.Build.0 = Debug|Any CPU
		{16BE3048-60FA-45E0-8DC1-229E8DE2D12C}.Release|Any CPU.ActiveCfg = Release|Any CPU
		{16BE3048-60FA-45E0-8DC1-229E8DE2D12C}.Release|Any CPU.Build.0 = Release|Any CPU
	EndGlobalSection
	GlobalSection(SolutionProperties) = preSolution
		HideSolutionNode = FALSE
	EndGlobalSection
	GlobalSection(ExtensibilityGlobals) = postSolution
		SolutionGuid = {1B8A46EB-CC81-44B8-BC71-6DC743F5E62D}
	EndGlobalSection
EndGlobal
