
Microsoft Visual Studio Solution File, Format Version 12.00
# Visual Studio Version 16
VisualStudioVersion = 16.0.30503.244
MinimumVisualStudioVersion = 10.0.40219.1
Project("{FAE04EC0-301F-11D3-BF4B-00C04F79EFBC}") = "Ejercicio_1_9_4", "Ejercicio_1_9_4\Ejercicio_1_9_4.csproj", "{494229E1-0F5E-4D2F-A0A7-CD6D4263E61B}"
EndProject
Global
	GlobalSection(SolutionConfigurationPlatforms) = preSolution
		Debug|Any CPU = Debug|Any CPU
		Release|Any CPU = Release|Any CPU
	EndGlobalSection
	GlobalSection(ProjectConfigurationPlatforms) = postSolution
		{494229E1-0F5E-4D2F-A0A7-CD6D4263E61B}.Debug|Any CPU.ActiveCfg = Debug|Any CPU
		{494229E1-0F5E-4D2F-A0A7-CD6D4263E61B}.Debug|Any CPU.Build.0 = Debug|Any CPU
		{494229E1-0F5E-4D2F-A0A7-CD6D4263E61B}.Release|Any CPU.ActiveCfg = Release|Any CPU
		{494229E1-0F5E-4D2F-A0A7-CD6D4263E61B}.Release|Any CPU.Build.0 = Release|Any CPU
	EndGlobalSection
	GlobalSection(SolutionProperties) = preSolution
		HideSolutionNode = FALSE
	EndGlobalSection
	GlobalSection(ExtensibilityGlobals) = postSolution
		SolutionGuid = {ED00CAE8-2E44-4299-AD1F-100804B59AF6}
	EndGlobalSection
EndGlobal
