
Microsoft Visual Studio Solution File, Format Version 12.00
# Visual Studio Version 16
VisualStudioVersion = 16.0.30523.141
MinimumVisualStudioVersion = 10.0.40219.1
Project("{FAE04EC0-301F-11D3-BF4B-00C04F79EFBC}") = "examen3", "examen3\examen3.csproj", "{AED68424-7925-4B59-A62E-33A255162F75}"
EndProject
Global
	GlobalSection(SolutionConfigurationPlatforms) = preSolution
		Debug|Any CPU = Debug|Any CPU
		Release|Any CPU = Release|Any CPU
	EndGlobalSection
	GlobalSection(ProjectConfigurationPlatforms) = postSolution
		{AED68424-7925-4B59-A62E-33A255162F75}.Debug|Any CPU.ActiveCfg = Debug|Any CPU
		{AED68424-7925-4B59-A62E-33A255162F75}.Debug|Any CPU.Build.0 = Debug|Any CPU
		{AED68424-7925-4B59-A62E-33A255162F75}.Release|Any CPU.ActiveCfg = Release|Any CPU
		{AED68424-7925-4B59-A62E-33A255162F75}.Release|Any CPU.Build.0 = Release|Any CPU
	EndGlobalSection
	GlobalSection(SolutionProperties) = preSolution
		HideSolutionNode = FALSE
	EndGlobalSection
	GlobalSection(ExtensibilityGlobals) = postSolution
		SolutionGuid = {DCE05FC6-D28C-44F3-A3F7-BD3CE6B43660}
	EndGlobalSection
EndGlobal
