
Microsoft Visual Studio Solution File, Format Version 12.00
# Visual Studio Version 16
VisualStudioVersion = 16.0.30517.126
MinimumVisualStudioVersion = 10.0.40219.1
Project("{FAE04EC0-301F-11D3-BF4B-00C04F79EFBC}") = "Ejercicio_2_6_6", "Ejercicio_2_6_6\Ejercicio_2_6_6.csproj", "{5DC5E684-5823-4C3D-AD2B-E08188D82FE3}"
EndProject
Global
	GlobalSection(SolutionConfigurationPlatforms) = preSolution
		Debug|Any CPU = Debug|Any CPU
		Release|Any CPU = Release|Any CPU
	EndGlobalSection
	GlobalSection(ProjectConfigurationPlatforms) = postSolution
		{5DC5E684-5823-4C3D-AD2B-E08188D82FE3}.Debug|Any CPU.ActiveCfg = Debug|Any CPU
		{5DC5E684-5823-4C3D-AD2B-E08188D82FE3}.Debug|Any CPU.Build.0 = Debug|Any CPU
		{5DC5E684-5823-4C3D-AD2B-E08188D82FE3}.Release|Any CPU.ActiveCfg = Release|Any CPU
		{5DC5E684-5823-4C3D-AD2B-E08188D82FE3}.Release|Any CPU.Build.0 = Release|Any CPU
	EndGlobalSection
	GlobalSection(SolutionProperties) = preSolution
		HideSolutionNode = FALSE
	EndGlobalSection
	GlobalSection(ExtensibilityGlobals) = postSolution
		SolutionGuid = {0AEA693F-A1CF-4EA2-B6E1-712EAE896330}
	EndGlobalSection
EndGlobal
