
Microsoft Visual Studio Solution File, Format Version 12.00
# Visual Studio Version 16
VisualStudioVersion = 16.0.30523.141
MinimumVisualStudioVersion = 10.0.40219.1
Project("{FAE04EC0-301F-11D3-BF4B-00C04F79EFBC}") = "Ejercicio_8_3_1", "Ejercicio_8_3_1\Ejercicio_8_3_1.csproj", "{B03582BF-BFAE-4B72-B59C-0DFE6AD872BC}"
EndProject
Global
	GlobalSection(SolutionConfigurationPlatforms) = preSolution
		Debug|Any CPU = Debug|Any CPU
		Release|Any CPU = Release|Any CPU
	EndGlobalSection
	GlobalSection(ProjectConfigurationPlatforms) = postSolution
		{B03582BF-BFAE-4B72-B59C-0DFE6AD872BC}.Debug|Any CPU.ActiveCfg = Debug|Any CPU
		{B03582BF-BFAE-4B72-B59C-0DFE6AD872BC}.Debug|Any CPU.Build.0 = Debug|Any CPU
		{B03582BF-BFAE-4B72-B59C-0DFE6AD872BC}.Release|Any CPU.ActiveCfg = Release|Any CPU
		{B03582BF-BFAE-4B72-B59C-0DFE6AD872BC}.Release|Any CPU.Build.0 = Release|Any CPU
	EndGlobalSection
	GlobalSection(SolutionProperties) = preSolution
		HideSolutionNode = FALSE
	EndGlobalSection
	GlobalSection(ExtensibilityGlobals) = postSolution
		SolutionGuid = {662E24B0-0983-4AEA-B784-A20C1FC752B1}
	EndGlobalSection
EndGlobal
